
Microsoft Visual Studio Solution File, Format Version 12.00
# Visual Studio Version 16
VisualStudioVersion = 16.0.31112.23
MinimumVisualStudioVersion = 10.0.40219.1
Project("{FAE04EC0-301F-11D3-BF4B-00C04F79EFBC}") = "QLSV", "QLSV\QLSV.csproj", "{EBCD43D7-6A0D-4FF3-9130-BB7CF5DA3A69}"
EndProject
Global
	GlobalSection(SolutionConfigurationPlatforms) = preSolution
		Debug|Any CPU = Debug|Any CPU
		Release|Any CPU = Release|Any CPU
	EndGlobalSection
	GlobalSection(ProjectConfigurationPlatforms) = postSolution
		{EBCD43D7-6A0D-4FF3-9130-BB7CF5DA3A69}.Debug|Any CPU.ActiveCfg = Debug|Any CPU
		{EBCD43D7-6A0D-4FF3-9130-BB7CF5DA3A69}.Debug|Any CPU.Build.0 = Debug|Any CPU
		{EBCD43D7-6A0D-4FF3-9130-BB7CF5DA3A69}.Release|Any CPU.ActiveCfg = Release|Any CPU
		{EBCD43D7-6A0D-4FF3-9130-BB7CF5DA3A69}.Release|Any CPU.Build.0 = Release|Any CPU
	EndGlobalSection
	GlobalSection(SolutionProperties) = preSolution
		HideSolutionNode = FALSE
	EndGlobalSection
	GlobalSection(ExtensibilityGlobals) = postSolution
		SolutionGuid = {F2095BD1-0971-4FC7-A4F0-C24F91F30569}
	EndGlobalSection
EndGlobal
